
Microsoft Visual Studio Solution File, Format Version 12.00
# Visual Studio Version 16
VisualStudioVersion = 16.0.30114.105
MinimumVisualStudioVersion = 10.0.40219.1
Project("{FAE04EC0-301F-11D3-BF4B-00C04F79EFBC}") = "EMS-UI", "EMS-UI\EMS-UI.csproj", "{599A3977-4D6F-48AB-8340-3DF085C36016}"
EndProject
Project("{FAE04EC0-301F-11D3-BF4B-00C04F79EFBC}") = "EMSLib", "EMSLib\EMSLib.csproj", "{01EEA4CA-B63C-4CB2-A8BD-4C4BEF865E30}"
EndProject
Global
	GlobalSection(SolutionConfigurationPlatforms) = preSolution
		Debug|Any CPU = Debug|Any CPU
		Release|Any CPU = Release|Any CPU
	EndGlobalSection
	GlobalSection(SolutionProperties) = preSolution
		HideSolutionNode = FALSE
	EndGlobalSection
	GlobalSection(ProjectConfigurationPlatforms) = postSolution
		{599A3977-4D6F-48AB-8340-3DF085C36016}.Debug|Any CPU.ActiveCfg = Debug|Any CPU
		{599A3977-4D6F-48AB-8340-3DF085C36016}.Debug|Any CPU.Build.0 = Debug|Any CPU
		{599A3977-4D6F-48AB-8340-3DF085C36016}.Release|Any CPU.ActiveCfg = Release|Any CPU
		{599A3977-4D6F-48AB-8340-3DF085C36016}.Release|Any CPU.Build.0 = Release|Any CPU
		{01EEA4CA-B63C-4CB2-A8BD-4C4BEF865E30}.Debug|Any CPU.ActiveCfg = Debug|Any CPU
		{01EEA4CA-B63C-4CB2-A8BD-4C4BEF865E30}.Debug|Any CPU.Build.0 = Debug|Any CPU
		{01EEA4CA-B63C-4CB2-A8BD-4C4BEF865E30}.Release|Any CPU.ActiveCfg = Release|Any CPU
		{01EEA4CA-B63C-4CB2-A8BD-4C4BEF865E30}.Release|Any CPU.Build.0 = Release|Any CPU
	EndGlobalSection
EndGlobal
