
Microsoft Visual Studio Solution File, Format Version 12.00
# Visual Studio Version 17
VisualStudioVersion = 17.1.32421.90
MinimumVisualStudioVersion = 10.0.40219.1
Project("{FAE04EC0-301F-11D3-BF4B-00C04F79EFBC}") = "Delegates", "Delegates\Delegates.csproj", "{8ED53CA2-FD8D-4A85-9932-13D9226729AD}"
EndProject
Global
	GlobalSection(SolutionConfigurationPlatforms) = preSolution
		Debug|Any CPU = Debug|Any CPU
		Release|Any CPU = Release|Any CPU
	EndGlobalSection
	GlobalSection(ProjectConfigurationPlatforms) = postSolution
		{8ED53CA2-FD8D-4A85-9932-13D9226729AD}.Debug|Any CPU.ActiveCfg = Debug|Any CPU
		{8ED53CA2-FD8D-4A85-9932-13D9226729AD}.Debug|Any CPU.Build.0 = Debug|Any CPU
		{8ED53CA2-FD8D-4A85-9932-13D9226729AD}.Release|Any CPU.ActiveCfg = Release|Any CPU
		{8ED53CA2-FD8D-4A85-9932-13D9226729AD}.Release|Any CPU.Build.0 = Release|Any CPU
	EndGlobalSection
	GlobalSection(SolutionProperties) = preSolution
		HideSolutionNode = FALSE
	EndGlobalSection
	GlobalSection(ExtensibilityGlobals) = postSolution
		SolutionGuid = {B1EB3FEB-D443-4E82-B5A6-20D2FFDD90A9}
	EndGlobalSection
EndGlobal
